// !$*UTF8*$!
{
	archiveVersion = 1;
	classes = {
	};
	objectVersion = 55;
	objects = {

/* Begin PBXBuildFile section */
		9D00AFF0281A7A12000DF378 /* buttonView.swift in Sources */ = {isa = PBXBuildFile; fileRef = 9D00AFEF281A7A12000DF378 /* buttonView.swift */; };
		9D02466128217B040030D1FD /* nextButtonView.swift in Sources */ = {isa = PBXBuildFile; fileRef = 9D02466028217B040030D1FD /* nextButtonView.swift */; };
		9D024663282182380030D1FD /* bottomTabView.swift in Sources */ = {isa = PBXBuildFile; fileRef = 9D024662282182380030D1FD /* bottomTabView.swift */; };
		9D02466528221C9A0030D1FD /* currenLevelView.swift in Sources */ = {isa = PBXBuildFile; fileRef = 9D02466428221C9A0030D1FD /* currenLevelView.swift */; };
		9D67F6A928226E9E004B2C2A /* learningStyleSelectionView.swift in Sources */ = {isa = PBXBuildFile; fileRef = 9D67F6A828226E9E004B2C2A /* learningStyleSelectionView.swift */; };
		9D935FF22824335F00E27B9C /* myInfoView.swift in Sources */ = {isa = PBXBuildFile; fileRef = 9D935FF12824335F00E27B9C /* myInfoView.swift */; };
		9D952DC62824C55500100FC0 /* boardMainView.swift in Sources */ = {isa = PBXBuildFile; fileRef = 9D952DC52824C55500100FC0 /* boardMainView.swift */; };
		9D952DC82824C5C000100FC0 /* detailedItemView.swift in Sources */ = {isa = PBXBuildFile; fileRef = 9D952DC72824C5C000100FC0 /* detailedItemView.swift */; };
		9D9DE825281A6DC90043DA0B /* ActivityRecommenderApp.swift in Sources */ = {isa = PBXBuildFile; fileRef = 9D9DE824281A6DC90043DA0B /* ActivityRecommenderApp.swift */; };
		9D9DE827281A6DC90043DA0B /* ContentView.swift in Sources */ = {isa = PBXBuildFile; fileRef = 9D9DE826281A6DC90043DA0B /* ContentView.swift */; };
		9D9DE829281A6DCC0043DA0B /* Assets.xcassets in Resources */ = {isa = PBXBuildFile; fileRef = 9D9DE828281A6DCC0043DA0B /* Assets.xcassets */; };
		9D9DE82C281A6DCC0043DA0B /* Preview Assets.xcassets in Resources */ = {isa = PBXBuildFile; fileRef = 9D9DE82B281A6DCC0043DA0B /* Preview Assets.xcassets */; };
		9D9DE83F281A6F2D0043DA0B /* selectSkillMainView.swift in Sources */ = {isa = PBXBuildFile; fileRef = 9D9DE83E281A6F2D0043DA0B /* selectSkillMainView.swift */; };
		9DD32DB22823B202008A2B50 /* Session.swift in Sources */ = {isa = PBXBuildFile; fileRef = 9DD32DB12823B202008A2B50 /* Session.swift */; };
		9DD32DB42823B2A8008A2B50 /* User.swift in Sources */ = {isa = PBXBuildFile; fileRef = 9DD32DB32823B2A8008A2B50 /* User.swift */; };
		9DD32DB62823B5CA008A2B50 /* HomeView.swift in Sources */ = {isa = PBXBuildFile; fileRef = 9DD32DB52823B5CA008A2B50 /* HomeView.swift */; };
		9DD32DB92823BA28008A2B50 /* LoginView.swift in Sources */ = {isa = PBXBuildFile; fileRef = 9DD32DB82823BA28008A2B50 /* LoginView.swift */; };
		9DD8986A2824047900EDF6D7 /* dummyUsers.swift in Sources */ = {isa = PBXBuildFile; fileRef = 9DD898692824047900EDF6D7 /* dummyUsers.swift */; };
		9DD8986C282410D800EDF6D7 /* learningHitView.swift in Sources */ = {isa = PBXBuildFile; fileRef = 9DD8986B282410D800EDF6D7 /* learningHitView.swift */; };
		9DEAE9AA2823C70A00F380A1 /* dayRectangleView.swift in Sources */ = {isa = PBXBuildFile; fileRef = 9DEAE9A92823C70A00F380A1 /* dayRectangleView.swift */; };
/* End PBXBuildFile section */

/* Begin PBXFileReference section */
		9D00AFEF281A7A12000DF378 /* buttonView.swift */ = {isa = PBXFileReference; lastKnownFileType = sourcecode.swift; path = buttonView.swift; sourceTree = "<group>"; };
		9D02466028217B040030D1FD /* nextButtonView.swift */ = {isa = PBXFileReference; lastKnownFileType = sourcecode.swift; path = nextButtonView.swift; sourceTree = "<group>"; };
		9D024662282182380030D1FD /* bottomTabView.swift */ = {isa = PBXFileReference; lastKnownFileType = sourcecode.swift; path = bottomTabView.swift; sourceTree = "<group>"; };
		9D02466428221C9A0030D1FD /* currenLevelView.swift */ = {isa = PBXFileReference; lastKnownFileType = sourcecode.swift; path = currenLevelView.swift; sourceTree = "<group>"; };
		9D67F6A828226E9E004B2C2A /* learningStyleSelectionView.swift */ = {isa = PBXFileReference; lastKnownFileType = sourcecode.swift; path = learningStyleSelectionView.swift; sourceTree = "<group>"; };
		9D935FF12824335F00E27B9C /* myInfoView.swift */ = {isa = PBXFileReference; lastKnownFileType = sourcecode.swift; path = myInfoView.swift; sourceTree = "<group>"; };
		9D952DC52824C55500100FC0 /* boardMainView.swift */ = {isa = PBXFileReference; lastKnownFileType = sourcecode.swift; path = boardMainView.swift; sourceTree = "<group>"; };
		9D952DC72824C5C000100FC0 /* detailedItemView.swift */ = {isa = PBXFileReference; lastKnownFileType = sourcecode.swift; path = detailedItemView.swift; sourceTree = "<group>"; };
		9D9DE821281A6DC90043DA0B /* ActivityRecommender.app */ = {isa = PBXFileReference; explicitFileType = wrapper.application; includeInIndex = 0; path = ActivityRecommender.app; sourceTree = BUILT_PRODUCTS_DIR; };
		9D9DE824281A6DC90043DA0B /* ActivityRecommenderApp.swift */ = {isa = PBXFileReference; lastKnownFileType = sourcecode.swift; path = ActivityRecommenderApp.swift; sourceTree = "<group>"; };
		9D9DE826281A6DC90043DA0B /* ContentView.swift */ = {isa = PBXFileReference; lastKnownFileType = sourcecode.swift; path = ContentView.swift; sourceTree = "<group>"; };
		9D9DE828281A6DCC0043DA0B /* Assets.xcassets */ = {isa = PBXFileReference; lastKnownFileType = folder.assetcatalog; path = Assets.xcassets; sourceTree = "<group>"; };
		9D9DE82B281A6DCC0043DA0B /* Preview Assets.xcassets */ = {isa = PBXFileReference; lastKnownFileType = folder.assetcatalog; path = "Preview Assets.xcassets"; sourceTree = "<group>"; };
		9D9DE83E281A6F2D0043DA0B /* selectSkillMainView.swift */ = {isa = PBXFileReference; lastKnownFileType = sourcecode.swift; path = selectSkillMainView.swift; sourceTree = "<group>"; };
		9DD32DB12823B202008A2B50 /* Session.swift */ = {isa = PBXFileReference; lastKnownFileType = sourcecode.swift; path = Session.swift; sourceTree = "<group>"; };
		9DD32DB32823B2A8008A2B50 /* User.swift */ = {isa = PBXFileReference; lastKnownFileType = sourcecode.swift; path = User.swift; sourceTree = "<group>"; };
		9DD32DB52823B5CA008A2B50 /* HomeView.swift */ = {isa = PBXFileReference; lastKnownFileType = sourcecode.swift; path = HomeView.swift; sourceTree = "<group>"; };
		9DD32DB82823BA28008A2B50 /* LoginView.swift */ = {isa = PBXFileReference; lastKnownFileType = sourcecode.swift; path = LoginView.swift; sourceTree = "<group>"; };
		9DD898692824047900EDF6D7 /* dummyUsers.swift */ = {isa = PBXFileReference; lastKnownFileType = sourcecode.swift; path = dummyUsers.swift; sourceTree = "<group>"; };
		9DD8986B282410D800EDF6D7 /* learningHitView.swift */ = {isa = PBXFileReference; lastKnownFileType = sourcecode.swift; path = learningHitView.swift; sourceTree = "<group>"; };
		9DEAE9A92823C70A00F380A1 /* dayRectangleView.swift */ = {isa = PBXFileReference; lastKnownFileType = sourcecode.swift; path = dayRectangleView.swift; sourceTree = "<group>"; };
/* End PBXFileReference section */

/* Begin PBXFrameworksBuildPhase section */
		9D9DE81E281A6DC90043DA0B /* Frameworks */ = {
			isa = PBXFrameworksBuildPhase;
			buildActionMask = 2147483647;
			files = (
			);
			runOnlyForDeploymentPostprocessing = 0;
		};
/* End PBXFrameworksBuildPhase section */

/* Begin PBXGroup section */
		9D00AFED281A75E6000DF378 /* Views */ = {
			isa = PBXGroup;
			children = (
				9DB07ABC2824D0FF000692F1 /* learningCalendar */,
				9D952DC42824C53E00100FC0 /* board */,
				9DD32DB72823BA17008A2B50 /* Account */,
				9D67F6A728226E76004B2C2A /* learningStyle */,
				9D9DE839281A6ED00043DA0B /* home */,
				9D9DE834281A6E5C0043DA0B /* currentLevel */,
				9D9DE833281A6E4A0043DA0B /* selectSkill */,
			);
			path = Views;
			sourceTree = "<group>";
		};
		9D00AFEE281A79D7000DF378 /* Components */ = {
			isa = PBXGroup;
			children = (
				9D00AFEF281A7A12000DF378 /* buttonView.swift */,
				9D02466028217B040030D1FD /* nextButtonView.swift */,
				9D024662282182380030D1FD /* bottomTabView.swift */,
			);
			path = Components;
			sourceTree = "<group>";
		};
		9D67F6A728226E76004B2C2A /* learningStyle */ = {
			isa = PBXGroup;
			children = (
				9D67F6A828226E9E004B2C2A /* learningStyleSelectionView.swift */,
			);
			path = learningStyle;
			sourceTree = "<group>";
		};
		9D952DC42824C53E00100FC0 /* board */ = {
			isa = PBXGroup;
			children = (
				9D952DC52824C55500100FC0 /* boardMainView.swift */,
				9D952DC72824C5C000100FC0 /* detailedItemView.swift */,
			);
			path = board;
			sourceTree = "<group>";
		};
		9D9DE818281A6DC90043DA0B = {
			isa = PBXGroup;
			children = (
				9D9DE823281A6DC90043DA0B /* ActivityRecommender */,
				9D9DE822281A6DC90043DA0B /* Products */,
			);
			sourceTree = "<group>";
		};
		9D9DE822281A6DC90043DA0B /* Products */ = {
			isa = PBXGroup;
			children = (
				9D9DE821281A6DC90043DA0B /* ActivityRecommender.app */,
			);
			name = Products;
			sourceTree = "<group>";
		};
		9D9DE823281A6DC90043DA0B /* ActivityRecommender */ = {
			isa = PBXGroup;
			children = (
				9DD32DB02823B1E3008A2B50 /* Models */,
				9D00AFEE281A79D7000DF378 /* Components */,
				9D00AFED281A75E6000DF378 /* Views */,
				9D9DE824281A6DC90043DA0B /* ActivityRecommenderApp.swift */,
				9D9DE826281A6DC90043DA0B /* ContentView.swift */,
				9D9DE828281A6DCC0043DA0B /* Assets.xcassets */,
				9D9DE82A281A6DCC0043DA0B /* Preview Content */,
			);
			path = ActivityRecommender;
			sourceTree = "<group>";
		};
		9D9DE82A281A6DCC0043DA0B /* Preview Content */ = {
			isa = PBXGroup;
			children = (
				9D9DE82B281A6DCC0043DA0B /* Preview Assets.xcassets */,
			);
			path = "Preview Content";
			sourceTree = "<group>";
		};
		9D9DE833281A6E4A0043DA0B /* selectSkill */ = {
			isa = PBXGroup;
			children = (
				9D9DE83E281A6F2D0043DA0B /* selectSkillMainView.swift */,
			);
			path = selectSkill;
			sourceTree = "<group>";
		};
		9D9DE834281A6E5C0043DA0B /* currentLevel */ = {
			isa = PBXGroup;
			children = (
				9D02466428221C9A0030D1FD /* currenLevelView.swift */,
			);
			path = currentLevel;
			sourceTree = "<group>";
		};
		9D9DE839281A6ED00043DA0B /* home */ = {
			isa = PBXGroup;
			children = (
				9DD32DB52823B5CA008A2B50 /* HomeView.swift */,
			);
			path = home;
			sourceTree = "<group>";
		};
		9DB07ABC2824D0FF000692F1 /* learningCalendar */ = {
			isa = PBXGroup;
			children = (
				9DEAE9A92823C70A00F380A1 /* dayRectangleView.swift */,
				9DD8986B282410D800EDF6D7 /* learningHitView.swift */,
			);
			path = learningCalendar;
			sourceTree = "<group>";
		};
		9DD32DB02823B1E3008A2B50 /* Models */ = {
			isa = PBXGroup;
			children = (
				9DD32DB12823B202008A2B50 /* Session.swift */,
				9DD32DB32823B2A8008A2B50 /* User.swift */,
			);
			path = Models;
			sourceTree = "<group>";
		};
		9DD32DB72823BA17008A2B50 /* Account */ = {
			isa = PBXGroup;
			children = (
				9DD32DB82823BA28008A2B50 /* LoginView.swift */,
				9DD898692824047900EDF6D7 /* dummyUsers.swift */,
				9D935FF12824335F00E27B9C /* myInfoView.swift */,
			);
			path = Account;
			sourceTree = "<group>";
		};
/* End PBXGroup section */

/* Begin PBXNativeTarget section */
		9D9DE820281A6DC90043DA0B /* ActivityRecommender */ = {
			isa = PBXNativeTarget;
			buildConfigurationList = 9D9DE82F281A6DCC0043DA0B /* Build configuration list for PBXNativeTarget "ActivityRecommender" */;
			buildPhases = (
				9D9DE81D281A6DC90043DA0B /* Sources */,
				9D9DE81E281A6DC90043DA0B /* Frameworks */,
				9D9DE81F281A6DC90043DA0B /* Resources */,
			);
			buildRules = (
			);
			dependencies = (
			);
			name = ActivityRecommender;
			productName = ActivityRecommender;
			productReference = 9D9DE821281A6DC90043DA0B /* ActivityRecommender.app */;
			productType = "com.apple.product-type.application";
		};
/* End PBXNativeTarget section */

/* Begin PBXProject section */
		9D9DE819281A6DC90043DA0B /* Project object */ = {
			isa = PBXProject;
			attributes = {
				BuildIndependentTargetsInParallel = 1;
				LastSwiftUpdateCheck = 1330;
				LastUpgradeCheck = 1330;
				TargetAttributes = {
					9D9DE820281A6DC90043DA0B = {
						CreatedOnToolsVersion = 13.3.1;
					};
				};
			};
			buildConfigurationList = 9D9DE81C281A6DC90043DA0B /* Build configuration list for PBXProject "ActivityRecommender" */;
			compatibilityVersion = "Xcode 13.0";
			developmentRegion = en;
			hasScannedForEncodings = 0;
			knownRegions = (
				en,
				Base,
			);
			mainGroup = 9D9DE818281A6DC90043DA0B;
			productRefGroup = 9D9DE822281A6DC90043DA0B /* Products */;
			projectDirPath = "";
			projectRoot = "";
			targets = (
				9D9DE820281A6DC90043DA0B /* ActivityRecommender */,
			);
		};
/* End PBXProject section */

/* Begin PBXResourcesBuildPhase section */
		9D9DE81F281A6DC90043DA0B /* Resources */ = {
			isa = PBXResourcesBuildPhase;
			buildActionMask = 2147483647;
			files = (
				9D9DE82C281A6DCC0043DA0B /* Preview Assets.xcassets in Resources */,
				9D9DE829281A6DCC0043DA0B /* Assets.xcassets in Resources */,
			);
			runOnlyForDeploymentPostprocessing = 0;
		};
/* End PBXResourcesBuildPhase section */

/* Begin PBXSourcesBuildPhase section */
		9D9DE81D281A6DC90043DA0B /* Sources */ = {
			isa = PBXSourcesBuildPhase;
			buildActionMask = 2147483647;
			files = (
				9DD8986C282410D800EDF6D7 /* learningHitView.swift in Sources */,
				9DD8986A2824047900EDF6D7 /* dummyUsers.swift in Sources */,
				9D02466128217B040030D1FD /* nextButtonView.swift in Sources */,
				9D9DE827281A6DC90043DA0B /* ContentView.swift in Sources */,
				9D67F6A928226E9E004B2C2A /* learningStyleSelectionView.swift in Sources */,
				9D02466528221C9A0030D1FD /* currenLevelView.swift in Sources */,
				9D952DC62824C55500100FC0 /* boardMainView.swift in Sources */,
				9D9DE825281A6DC90043DA0B /* ActivityRecommenderApp.swift in Sources */,
				9D00AFF0281A7A12000DF378 /* buttonView.swift in Sources */,
				9D952DC82824C5C000100FC0 /* detailedItemView.swift in Sources */,
				9DD32DB92823BA28008A2B50 /* LoginView.swift in Sources */,
				9DEAE9AA2823C70A00F380A1 /* dayRectangleView.swift in Sources */,
				9D9DE83F281A6F2D0043DA0B /* selectSkillMainView.swift in Sources */,
				9DD32DB62823B5CA008A2B50 /* HomeView.swift in Sources */,
				9D024663282182380030D1FD /* bottomTabView.swift in Sources */,
				9DD32DB42823B2A8008A2B50 /* User.swift in Sources */,
				9D935FF22824335F00E27B9C /* myInfoView.swift in Sources */,
				9DD32DB22823B202008A2B50 /* Session.swift in Sources */,
			);
			runOnlyForDeploymentPostprocessing = 0;
		};
/* End PBXSourcesBuildPhase section */

/* Begin XCBuildConfiguration section */
		9D9DE82D281A6DCC0043DA0B /* Debug */ = {
			isa = XCBuildConfiguration;
			buildSettings = {
				ALWAYS_SEARCH_USER_PATHS = NO;
				CLANG_ANALYZER_NONNULL = YES;
				CLANG_ANALYZER_NUMBER_OBJECT_CONVERSION = YES_AGGRESSIVE;
				CLANG_CXX_LANGUAGE_STANDARD = "gnu++17";
				CLANG_ENABLE_MODULES = YES;
				CLANG_ENABLE_OBJC_ARC = YES;
				CLANG_ENABLE_OBJC_WEAK = YES;
				CLANG_WARN_BLOCK_CAPTURE_AUTORELEASING = YES;
				CLANG_WARN_BOOL_CONVERSION = YES;
				CLANG_WARN_COMMA = YES;
				CLANG_WARN_CONSTANT_CONVERSION = YES;
				CLANG_WARN_DEPRECATED_OBJC_IMPLEMENTATIONS = YES;
				CLANG_WARN_DIRECT_OBJC_ISA_USAGE = YES_ERROR;
				CLANG_WARN_DOCUMENTATION_COMMENTS = YES;
				CLANG_WARN_EMPTY_BODY = YES;
				CLANG_WARN_ENUM_CONVERSION = YES;
				CLANG_WARN_INFINITE_RECURSION = YES;
				CLANG_WARN_INT_CONVERSION = YES;
				CLANG_WARN_NON_LITERAL_NULL_CONVERSION = YES;
				CLANG_WARN_OBJC_IMPLICIT_RETAIN_SELF = YES;
				CLANG_WARN_OBJC_LITERAL_CONVERSION = YES;
				CLANG_WARN_OBJC_ROOT_CLASS = YES_ERROR;
				CLANG_WARN_QUOTED_INCLUDE_IN_FRAMEWORK_HEADER = YES;
				CLANG_WARN_RANGE_LOOP_ANALYSIS = YES;
				CLANG_WARN_STRICT_PROTOTYPES = YES;
				CLANG_WARN_SUSPICIOUS_MOVE = YES;
				CLANG_WARN_UNGUARDED_AVAILABILITY = YES_AGGRESSIVE;
				CLANG_WARN_UNREACHABLE_CODE = YES;
				CLANG_WARN__DUPLICATE_METHOD_MATCH = YES;
				COPY_PHASE_STRIP = NO;
				DEBUG_INFORMATION_FORMAT = dwarf;
				ENABLE_STRICT_OBJC_MSGSEND = YES;
				ENABLE_TESTABILITY = YES;
				GCC_C_LANGUAGE_STANDARD = gnu11;
				GCC_DYNAMIC_NO_PIC = NO;
				GCC_NO_COMMON_BLOCKS = YES;
				GCC_OPTIMIZATION_LEVEL = 0;
				GCC_PREPROCESSOR_DEFINITIONS = (
					"DEBUG=1",
					"$(inherited)",
				);
				GCC_WARN_64_TO_32_BIT_CONVERSION = YES;
				GCC_WARN_ABOUT_RETURN_TYPE = YES_ERROR;
				GCC_WARN_UNDECLARED_SELECTOR = YES;
				GCC_WARN_UNINITIALIZED_AUTOS = YES_AGGRESSIVE;
				GCC_WARN_UNUSED_FUNCTION = YES;
				GCC_WARN_UNUSED_VARIABLE = YES;
				IPHONEOS_DEPLOYMENT_TARGET = 15.4;
				MTL_ENABLE_DEBUG_INFO = INCLUDE_SOURCE;
				MTL_FAST_MATH = YES;
				ONLY_ACTIVE_ARCH = YES;
				SDKROOT = iphoneos;
				SWIFT_ACTIVE_COMPILATION_CONDITIONS = DEBUG;
				SWIFT_OPTIMIZATION_LEVEL = "-Onone";
			};
			name = Debug;
		};
		9D9DE82E281A6DCC0043DA0B /* Release */ = {
			isa = XCBuildConfiguration;
			buildSettings = {
				ALWAYS_SEARCH_USER_PATHS = NO;
				CLANG_ANALYZER_NONNULL = YES;
				CLANG_ANALYZER_NUMBER_OBJECT_CONVERSION = YES_AGGRESSIVE;
				CLANG_CXX_LANGUAGE_STANDARD = "gnu++17";
				CLANG_ENABLE_MODULES = YES;
				CLANG_ENABLE_OBJC_ARC = YES;
				CLANG_ENABLE_OBJC_WEAK = YES;
				CLANG_WARN_BLOCK_CAPTURE_AUTORELEASING = YES;
				CLANG_WARN_BOOL_CONVERSION = YES;
				CLANG_WARN_COMMA = YES;
				CLANG_WARN_CONSTANT_CONVERSION = YES;
				CLANG_WARN_DEPRECATED_OBJC_IMPLEMENTATIONS = YES;
				CLANG_WARN_DIRECT_OBJC_ISA_USAGE = YES_ERROR;
				CLANG_WARN_DOCUMENTATION_COMMENTS = YES;
				CLANG_WARN_EMPTY_BODY = YES;
				CLANG_WARN_ENUM_CONVERSION = YES;
				CLANG_WARN_INFINITE_RECURSION = YES;
				CLANG_WARN_INT_CONVERSION = YES;
				CLANG_WARN_NON_LITERAL_NULL_CONVERSION = YES;
				CLANG_WARN_OBJC_IMPLICIT_RETAIN_SELF = YES;
				CLANG_WARN_OBJC_LITERAL_CONVERSION = YES;
				CLANG_WARN_OBJC_ROOT_CLASS = YES_ERROR;
				CLANG_WARN_QUOTED_INCLUDE_IN_FRAMEWORK_HEADER = YES;
				CLANG_WARN_RANGE_LOOP_ANALYSIS = YES;
				CLANG_WARN_STRICT_PROTOTYPES = YES;
				CLANG_WARN_SUSPICIOUS_MOVE = YES;
				CLANG_WARN_UNGUARDED_AVAILABILITY = YES_AGGRESSIVE;
				CLANG_WARN_UNREACHABLE_CODE = YES;
				CLANG_WARN__DUPLICATE_METHOD_MATCH = YES;
				COPY_PHASE_STRIP = NO;
				DEBUG_INFORMATION_FORMAT = "dwarf-with-dsym";
				ENABLE_NS_ASSERTIONS = NO;
				ENABLE_STRICT_OBJC_MSGSEND = YES;
				GCC_C_LANGUAGE_STANDARD = gnu11;
				GCC_NO_COMMON_BLOCKS = YES;
				GCC_WARN_64_TO_32_BIT_CONVERSION = YES;
				GCC_WARN_ABOUT_RETURN_TYPE = YES_ERROR;
				GCC_WARN_UNDECLARED_SELECTOR = YES;
				GCC_WARN_UNINITIALIZED_AUTOS = YES_AGGRESSIVE;
				GCC_WARN_UNUSED_FUNCTION = YES;
				GCC_WARN_UNUSED_VARIABLE = YES;
				IPHONEOS_DEPLOYMENT_TARGET = 15.4;
				MTL_ENABLE_DEBUG_INFO = NO;
				MTL_FAST_MATH = YES;
				SDKROOT = iphoneos;
				SWIFT_COMPILATION_MODE = wholemodule;
				SWIFT_OPTIMIZATION_LEVEL = "-O";
				VALIDATE_PRODUCT = YES;
			};
			name = Release;
		};
		9D9DE830281A6DCC0043DA0B /* Debug */ = {
			isa = XCBuildConfiguration;
			buildSettings = {
				ASSETCATALOG_COMPILER_APPICON_NAME = AppIcon;
				ASSETCATALOG_COMPILER_GLOBAL_ACCENT_COLOR_NAME = AccentColor;
				CODE_SIGN_STYLE = Automatic;
				CURRENT_PROJECT_VERSION = 1;
				DEVELOPMENT_ASSET_PATHS = "\"ActivityRecommender/Preview Content\"";
				ENABLE_PREVIEWS = YES;
				GENERATE_INFOPLIST_FILE = YES;
				INFOPLIST_KEY_UIApplicationSceneManifest_Generation = YES;
				INFOPLIST_KEY_UIApplicationSupportsIndirectInputEvents = YES;
				INFOPLIST_KEY_UILaunchScreen_Generation = YES;
				INFOPLIST_KEY_UISupportedInterfaceOrientations_iPad = "UIInterfaceOrientationPortrait UIInterfaceOrientationPortraitUpsideDown UIInterfaceOrientationLandscapeLeft UIInterfaceOrientationLandscapeRight";
				INFOPLIST_KEY_UISupportedInterfaceOrientations_iPhone = "UIInterfaceOrientationPortrait UIInterfaceOrientationLandscapeLeft UIInterfaceOrientationLandscapeRight";
				LD_RUNPATH_SEARCH_PATHS = (
					"$(inherited)",
					"@executable_path/Frameworks",
				);
				MARKETING_VERSION = 1.0;
				PRODUCT_BUNDLE_IDENTIFIER = com.ActivityRecommender;
				PRODUCT_NAME = "$(TARGET_NAME)";
				SWIFT_EMIT_LOC_STRINGS = YES;
				SWIFT_VERSION = 5.0;
				TARGETED_DEVICE_FAMILY = "1,2";
			};
			name = Debug;
		};
		9D9DE831281A6DCC0043DA0B /* Release */ = {
			isa = XCBuildConfiguration;
			buildSettings = {
				ASSETCATALOG_COMPILER_APPICON_NAME = AppIcon;
				ASSETCATALOG_COMPILER_GLOBAL_ACCENT_COLOR_NAME = AccentColor;
				CODE_SIGN_STYLE = Automatic;
				CURRENT_PROJECT_VERSION = 1;
				DEVELOPMENT_ASSET_PATHS = "\"ActivityRecommender/Preview Content\"";
				ENABLE_PREVIEWS = YES;
				GENERATE_INFOPLIST_FILE = YES;
				INFOPLIST_KEY_UIApplicationSceneManifest_Generation = YES;
				INFOPLIST_KEY_UIApplicationSupportsIndirectInputEvents = YES;
				INFOPLIST_KEY_UILaunchScreen_Generation = YES;
				INFOPLIST_KEY_UISupportedInterfaceOrientations_iPad = "UIInterfaceOrientationPortrait UIInterfaceOrientationPortraitUpsideDown UIInterfaceOrientationLandscapeLeft UIInterfaceOrientationLandscapeRight";
				INFOPLIST_KEY_UISupportedInterfaceOrientations_iPhone = "UIInterfaceOrientationPortrait UIInterfaceOrientationLandscapeLeft UIInterfaceOrientationLandscapeRight";
				LD_RUNPATH_SEARCH_PATHS = (
					"$(inherited)",
					"@executable_path/Frameworks",
				);
				MARKETING_VERSION = 1.0;
				PRODUCT_BUNDLE_IDENTIFIER = com.ActivityRecommender;
				PRODUCT_NAME = "$(TARGET_NAME)";
				SWIFT_EMIT_LOC_STRINGS = YES;
				SWIFT_VERSION = 5.0;
				TARGETED_DEVICE_FAMILY = "1,2";
			};
			name = Release;
		};
/* End XCBuildConfiguration section */

/* Begin XCConfigurationList section */
		9D9DE81C281A6DC90043DA0B /* Build configuration list for PBXProject "ActivityRecommender" */ = {
			isa = XCConfigurationList;
			buildConfigurations = (
				9D9DE82D281A6DCC0043DA0B /* Debug */,
				9D9DE82E281A6DCC0043DA0B /* Release */,
			);
			defaultConfigurationIsVisible = 0;
			defaultConfigurationName = Release;
		};
		9D9DE82F281A6DCC0043DA0B /* Build configuration list for PBXNativeTarget "ActivityRecommender" */ = {
			isa = XCConfigurationList;
			buildConfigurations = (
				9D9DE830281A6DCC0043DA0B /* Debug */,
				9D9DE831281A6DCC0043DA0B /* Release */,
			);
			defaultConfigurationIsVisible = 0;
			defaultConfigurationName = Release;
		};
/* End XCConfigurationList section */
	};
	rootObject = 9D9DE819281A6DC90043DA0B /* Project object */;
}
