<?xml version="1.0" encoding="UTF-8"?>
<Scheme
   version = "1.3">
   <BuildAction>
      <BuildActionEntries>
         <BuildActionEntry
            buildForRunning = "YES">
            <BuildableReference
               BuildableIdentifier = "primary"
               BlueprintIdentifier = "9D9DE820281A6DC90043DA0B"
               BuildableName = "ActivityRecommender.app"
               BlueprintName = "ActivityRecommender"
               ReferencedContainer = "container:ActivityRecommender.xcodeproj">
            </BuildableReference>
         </BuildActionEntry>
      </BuildActionEntries>
   </BuildAction>
   <LaunchAction
      useCustomWorkingDirectory = "NO"
      buildConfiguration = "Debug"
      allowLocationSimulation = "YES">
      <BuildableProductRunnable>
         <BuildableReference
            BuildableIdentifier = "primary"
            BlueprintIdentifier = "9D9DE820281A6DC90043DA0B"
            BuildableName = "ActivityRecommender.app"
            BlueprintName = "ActivityRecommender"
            ReferencedContainer = "container:ActivityRecommender.xcodeproj">
         </BuildableReference>
      </BuildableProductRunnable>
   </LaunchAction>
</Scheme>
